<?xml version="1.0" encoding="utf-8"?>
<Project ToolsVersion="4.0" xmlns="http://schemas.microsoft.com/developer/msbuild/2003">
  <ItemGroup>
    <Filter Include="Исходные файлы">
      <UniqueIdentifier>{4FC737F1-C7A5-4376-A066-2A32D752A2FF}</UniqueIdentifier>
      <Extensions>cpp;c;cc;cxx;def;odl;idl;hpj;bat;asm;asmx</Extensions>
    </Filter>
    <Filter Include="Файлы ресурсов">
      <UniqueIdentifier>{67DA6AB6-F800-4c08-8B7A-83BB121AAD01}</UniqueIdentifier>
      <Extensions>rc;ico;cur;bmp;dlg;rc2;rct;bin;rgs;gif;jpg;jpeg;jpe;resx;tiff;tif;png;wav;mfcribbon-ms</Extensions>
    </Filter>
    <Filter Include="Исходные файлы\Core">
      <UniqueIdentifier>{37477aa9-9dc1-4c64-95ef-444c2517fd5f}</UniqueIdentifier>
    </Filter>
    <Filter Include="Исходные файлы\Core\Models">
      <UniqueIdentifier>{f9c9c506-d4c2-405e-bd2e-cdd02f56696c}</UniqueIdentifier>
    </Filter>
  </ItemGroup>
  <ItemGroup>
    <ClInclude Include="World.h">
      <Filter>Исходные файлы\Core</Filter>
    </ClInclude>
    <ClInclude Include="stdafx.h">
      <Filter>Исходные файлы</Filter>
    </ClInclude>
    <ClInclude Include="targetver.h">
      <Filter>Исходные файлы</Filter>
    </ClInclude>
    <ClInclude Include="Entity.h">
      <Filter>Исходные файлы\Core</Filter>
    </ClInclude>
    <ClInclude Include="Vector3.h">
      <Filter>Исходные файлы\Core</Filter>
    </ClInclude>
    <ClInclude Include="Mobile.h">
      <Filter>Исходные файлы\Core</Filter>
    </ClInclude>
    <ClInclude Include="ITickable.h">
      <Filter>Исходные файлы\Core</Filter>
    </ClInclude>
    <ClInclude Include="NotImplementedException.h">
      <Filter>Исходные файлы</Filter>
    </ClInclude>
    <ClInclude Include="Game.h">
      <Filter>Исходные файлы\Core</Filter>
    </ClInclude>
    <ClInclude Include="Force.h">
      <Filter>Исходные файлы\Core</Filter>
    </ClInclude>
    <ClInclude Include="ForceManager.h">
      <Filter>Исходные файлы\Core</Filter>
    </ClInclude>
    <ClInclude Include="IMotionModel.h">
      <Filter>Исходные файлы\Core\Models</Filter>
    </ClInclude>
    <ClInclude Include="NewtonMotionModel.h">
      <Filter>Исходные файлы\Core\Models</Filter>
    </ClInclude>
    <ClInclude Include="ICollisionModel.h">
      <Filter>Исходные файлы\Core\Models</Filter>
    </ClInclude>
    <ClInclude Include="IIntegrityModel.h">
      <Filter>Исходные файлы\Core\Models</Filter>
    </ClInclude>
    <ClInclude Include="DamageBase.h">
      <Filter>Исходные файлы\Core</Filter>
    </ClInclude>
    <ClInclude Include="AabbCollisionModel.h">
      <Filter>Исходные файлы\Core\Models</Filter>
    </ClInclude>
    <ClInclude Include="IRenderingModel.h">
      <Filter>Исходные файлы\Core\Models</Filter>
    </ClInclude>
    <ClInclude Include="Actor.h">
      <Filter>Исходные файлы\Core</Filter>
    </ClInclude>
    <ClInclude Include="Human.h">
      <Filter>Исходные файлы\Core</Filter>
    </ClInclude>
    <ClInclude Include="EntityNotFoundException.h">
      <Filter>Исходные файлы\Core</Filter>
    </ClInclude>
  </ItemGroup>
  <ItemGroup>
    <ClCompile Include="stdafx.cpp">
      <Filter>Исходные файлы</Filter>
    </ClCompile>
    <ClCompile Include="Program.cpp">
      <Filter>Исходные файлы</Filter>
    </ClCompile>
    <ClCompile Include="World.cpp">
      <Filter>Исходные файлы\Core</Filter>
    </ClCompile>
    <ClCompile Include="Entity.cpp">
      <Filter>Исходные файлы\Core</Filter>
    </ClCompile>
    <ClCompile Include="Vector3.cpp">
      <Filter>Исходные файлы\Core</Filter>
    </ClCompile>
    <ClCompile Include="Mobile.cpp">
      <Filter>Исходные файлы\Core</Filter>
    </ClCompile>
    <ClCompile Include="ITickable.cpp">
      <Filter>Исходные файлы\Core</Filter>
    </ClCompile>
    <ClCompile Include="NotImplementedException.cpp">
      <Filter>Исходные файлы</Filter>
    </ClCompile>
    <ClCompile Include="Game.cpp">
      <Filter>Исходные файлы\Core</Filter>
    </ClCompile>
    <ClCompile Include="Force.cpp">
      <Filter>Исходные файлы\Core</Filter>
    </ClCompile>
    <ClCompile Include="ForceManager.cpp">
      <Filter>Исходные файлы\Core</Filter>
    </ClCompile>
    <ClCompile Include="IMotionModel.cpp">
      <Filter>Исходные файлы\Core\Models</Filter>
    </ClCompile>
    <ClCompile Include="NewtonMotionModel.cpp">
      <Filter>Исходные файлы\Core\Models</Filter>
    </ClCompile>
    <ClCompile Include="ICollisionModel.cpp">
      <Filter>Исходные файлы\Core\Models</Filter>
    </ClCompile>
    <ClCompile Include="IIntegrityModel.cpp">
      <Filter>Исходные файлы\Core\Models</Filter>
    </ClCompile>
    <ClCompile Include="DamageBase.cpp">
      <Filter>Исходные файлы\Core</Filter>
    </ClCompile>
    <ClCompile Include="AabbCollisionModel.cpp">
      <Filter>Исходные файлы\Core\Models</Filter>
    </ClCompile>
    <ClCompile Include="IRenderingModel.cpp">
      <Filter>Исходные файлы\Core\Models</Filter>
    </ClCompile>
    <ClCompile Include="Actor.cpp">
      <Filter>Исходные файлы\Core</Filter>
    </ClCompile>
    <ClCompile Include="Human.cpp">
      <Filter>Исходные файлы\Core</Filter>
    </ClCompile>
    <ClCompile Include="EntityNotFoundException.cpp">
      <Filter>Исходные файлы\Core</Filter>
    </ClCompile>
  </ItemGroup>
  <ItemGroup>
    <None Include="Utility.h">
      <Filter>Исходные файлы\Core</Filter>
    </None>
  </ItemGroup>
</Project>